// !$*UTF8*$!
{
	archiveVersion = 1;
	classes = {
	};
	objectVersion = 46;
	objects = {

/* Begin PBXBuildFile section */
		A67A62021D2CA4A800C101B2 /* AppDelegate.swift in Sources */ = {isa = PBXBuildFile; fileRef = A67A62011D2CA4A800C101B2 /* AppDelegate.swift */; };
		A67A62091D2CA4A900C101B2 /* Assets.xcassets in Resources */ = {isa = PBXBuildFile; fileRef = A67A62081D2CA4A900C101B2 /* Assets.xcassets */; };
		A67A620C1D2CA4A900C101B2 /* LaunchScreen.storyboard in Resources */ = {isa = PBXBuildFile; fileRef = A67A620A1D2CA4A900C101B2 /* LaunchScreen.storyboard */; };
		A67A62171D2CA4A900C101B2 /* TaoAutoLayoutTests.swift in Sources */ = {isa = PBXBuildFile; fileRef = A67A62161D2CA4A900C101B2 /* TaoAutoLayoutTests.swift */; };
		A67A62221D2CA4A900C101B2 /* TaoAutoLayoutUITests.swift in Sources */ = {isa = PBXBuildFile; fileRef = A67A62211D2CA4A900C101B2 /* TaoAutoLayoutUITests.swift */; };
		A67A62301D2CA64600C101B2 /* TaoListViewController.swift in Sources */ = {isa = PBXBuildFile; fileRef = A67A622F1D2CA64600C101B2 /* TaoListViewController.swift */; };
		A67A62331D2CAC0A00C101B2 /* TaoExampleViewController.swift in Sources */ = {isa = PBXBuildFile; fileRef = A67A62321D2CAC0A00C101B2 /* TaoExampleViewController.swift */; };
		A67A62361D2CADDE00C101B2 /* UIView+AutoLayout.swift in Sources */ = {isa = PBXBuildFile; fileRef = A67A62351D2CADDE00C101B2 /* UIView+AutoLayout.swift */; };
		A67A62381D2CAEBE00C101B2 /* TaoFillAlignmentExample.swift in Sources */ = {isa = PBXBuildFile; fileRef = A67A62371D2CAEBE00C101B2 /* TaoFillAlignmentExample.swift */; };
		A67A623A1D2CAF3000C101B2 /* UIButton+Extension.swift in Sources */ = {isa = PBXBuildFile; fileRef = A67A62391D2CAF3000C101B2 /* UIButton+Extension.swift */; };
		A67A623C1D2CC9AD00C101B2 /* TaoInnerAlignmentExample.swift in Sources */ = {isa = PBXBuildFile; fileRef = A67A623B1D2CC9AD00C101B2 /* TaoInnerAlignmentExample.swift */; };
		A67A623E1D2CDCBD00C101B2 /* TaoVerticalAlignmentExample.swift in Sources */ = {isa = PBXBuildFile; fileRef = A67A623D1D2CDCBD00C101B2 /* TaoVerticalAlignmentExample.swift */; };
		A67A62401D2CE4B500C101B2 /* TaoHorizontalAlignmentExample.swift in Sources */ = {isa = PBXBuildFile; fileRef = A67A623F1D2CE4B500C101B2 /* TaoHorizontalAlignmentExample.swift */; };
		A67A62421D2CEA6300C101B2 /* TaoHorizontalViews.swift in Sources */ = {isa = PBXBuildFile; fileRef = A67A62411D2CEA6300C101B2 /* TaoHorizontalViews.swift */; };
		A67A62441D2CF18A00C101B2 /* TaoVerticalViews.swift in Sources */ = {isa = PBXBuildFile; fileRef = A67A62431D2CF18A00C101B2 /* TaoVerticalViews.swift */; };
		A67A62461D2CF8C300C101B2 /* TaoConstraintExmple.swift in Sources */ = {isa = PBXBuildFile; fileRef = A67A62451D2CF8C300C101B2 /* TaoConstraintExmple.swift */; };
/* End PBXBuildFile section */

/* Begin PBXContainerItemProxy section */
		A67A62131D2CA4A900C101B2 /* PBXContainerItemProxy */ = {
			isa = PBXContainerItemProxy;
			containerPortal = A67A61F61D2CA4A800C101B2 /* Project object */;
			proxyType = 1;
			remoteGlobalIDString = A67A61FD1D2CA4A800C101B2;
			remoteInfo = TaoAutoLayout;
		};
		A67A621E1D2CA4A900C101B2 /* PBXContainerItemProxy */ = {
			isa = PBXContainerItemProxy;
			containerPortal = A67A61F61D2CA4A800C101B2 /* Project object */;
			proxyType = 1;
			remoteGlobalIDString = A67A61FD1D2CA4A800C101B2;
			remoteInfo = TaoAutoLayout;
		};
/* End PBXContainerItemProxy section */

/* Begin PBXFileReference section */
		A67A61FE1D2CA4A800C101B2 /* TaoAutoLayout.app */ = {isa = PBXFileReference; explicitFileType = wrapper.application; includeInIndex = 0; path = TaoAutoLayout.app; sourceTree = BUILT_PRODUCTS_DIR; };
		A67A62011D2CA4A800C101B2 /* AppDelegate.swift */ = {isa = PBXFileReference; lastKnownFileType = sourcecode.swift; path = AppDelegate.swift; sourceTree = "<group>"; };
		A67A62081D2CA4A900C101B2 /* Assets.xcassets */ = {isa = PBXFileReference; lastKnownFileType = folder.assetcatalog; path = Assets.xcassets; sourceTree = "<group>"; };
		A67A620B1D2CA4A900C101B2 /* Base */ = {isa = PBXFileReference; lastKnownFileType = file.storyboard; name = Base; path = Base.lproj/LaunchScreen.storyboard; sourceTree = "<group>"; };
		A67A620D1D2CA4A900C101B2 /* Info.plist */ = {isa = PBXFileReference; lastKnownFileType = text.plist.xml; path = Info.plist; sourceTree = "<group>"; };
		A67A62121D2CA4A900C101B2 /* TaoAutoLayoutTests.xctest */ = {isa = PBXFileReference; explicitFileType = wrapper.cfbundle; includeInIndex = 0; path = TaoAutoLayoutTests.xctest; sourceTree = BUILT_PRODUCTS_DIR; };
		A67A62161D2CA4A900C101B2 /* TaoAutoLayoutTests.swift */ = {isa = PBXFileReference; lastKnownFileType = sourcecode.swift; path = TaoAutoLayoutTests.swift; sourceTree = "<group>"; };
		A67A62181D2CA4A900C101B2 /* Info.plist */ = {isa = PBXFileReference; lastKnownFileType = text.plist.xml; path = Info.plist; sourceTree = "<group>"; };
		A67A621D1D2CA4A900C101B2 /* TaoAutoLayoutUITests.xctest */ = {isa = PBXFileReference; explicitFileType = wrapper.cfbundle; includeInIndex = 0; path = TaoAutoLayoutUITests.xctest; sourceTree = BUILT_PRODUCTS_DIR; };
		A67A62211D2CA4A900C101B2 /* TaoAutoLayoutUITests.swift */ = {isa = PBXFileReference; lastKnownFileType = sourcecode.swift; path = TaoAutoLayoutUITests.swift; sourceTree = "<group>"; };
		A67A62231D2CA4A900C101B2 /* Info.plist */ = {isa = PBXFileReference; lastKnownFileType = text.plist.xml; path = Info.plist; sourceTree = "<group>"; };
		A67A622F1D2CA64600C101B2 /* TaoListViewController.swift */ = {isa = PBXFileReference; fileEncoding = 4; lastKnownFileType = sourcecode.swift; path = TaoListViewController.swift; sourceTree = "<group>"; };
		A67A62321D2CAC0A00C101B2 /* TaoExampleViewController.swift */ = {isa = PBXFileReference; fileEncoding = 4; lastKnownFileType = sourcecode.swift; path = TaoExampleViewController.swift; sourceTree = "<group>"; };
		A67A62351D2CADDE00C101B2 /* UIView+AutoLayout.swift */ = {isa = PBXFileReference; fileEncoding = 4; lastKnownFileType = sourcecode.swift; path = "UIView+AutoLayout.swift"; sourceTree = "<group>"; };
		A67A62371D2CAEBE00C101B2 /* TaoFillAlignmentExample.swift */ = {isa = PBXFileReference; fileEncoding = 4; lastKnownFileType = sourcecode.swift; path = TaoFillAlignmentExample.swift; sourceTree = "<group>"; };
		A67A62391D2CAF3000C101B2 /* UIButton+Extension.swift */ = {isa = PBXFileReference; fileEncoding = 4; lastKnownFileType = sourcecode.swift; path = "UIButton+Extension.swift"; sourceTree = "<group>"; };
		A67A623B1D2CC9AD00C101B2 /* TaoInnerAlignmentExample.swift */ = {isa = PBXFileReference; fileEncoding = 4; lastKnownFileType = sourcecode.swift; path = TaoInnerAlignmentExample.swift; sourceTree = "<group>"; };
		A67A623D1D2CDCBD00C101B2 /* TaoVerticalAlignmentExample.swift */ = {isa = PBXFileReference; fileEncoding = 4; lastKnownFileType = sourcecode.swift; path = TaoVerticalAlignmentExample.swift; sourceTree = "<group>"; };
		A67A623F1D2CE4B500C101B2 /* TaoHorizontalAlignmentExample.swift */ = {isa = PBXFileReference; fileEncoding = 4; lastKnownFileType = sourcecode.swift; path = TaoHorizontalAlignmentExample.swift; sourceTree = "<group>"; };
		A67A62411D2CEA6300C101B2 /* TaoHorizontalViews.swift */ = {isa = PBXFileReference; fileEncoding = 4; lastKnownFileType = sourcecode.swift; path = TaoHorizontalViews.swift; sourceTree = "<group>"; };
		A67A62431D2CF18A00C101B2 /* TaoVerticalViews.swift */ = {isa = PBXFileReference; fileEncoding = 4; lastKnownFileType = sourcecode.swift; path = TaoVerticalViews.swift; sourceTree = "<group>"; };
		A67A62451D2CF8C300C101B2 /* TaoConstraintExmple.swift */ = {isa = PBXFileReference; fileEncoding = 4; lastKnownFileType = sourcecode.swift; path = TaoConstraintExmple.swift; sourceTree = "<group>"; };
/* End PBXFileReference section */

/* Begin PBXFrameworksBuildPhase section */
		A67A61FB1D2CA4A800C101B2 /* Frameworks */ = {
			isa = PBXFrameworksBuildPhase;
			buildActionMask = 2147483647;
			files = (
			);
			runOnlyForDeploymentPostprocessing = 0;
		};
		A67A620F1D2CA4A900C101B2 /* Frameworks */ = {
			isa = PBXFrameworksBuildPhase;
			buildActionMask = 2147483647;
			files = (
			);
			runOnlyForDeploymentPostprocessing = 0;
		};
		A67A621A1D2CA4A900C101B2 /* Frameworks */ = {
			isa = PBXFrameworksBuildPhase;
			buildActionMask = 2147483647;
			files = (
			);
			runOnlyForDeploymentPostprocessing = 0;
		};
/* End PBXFrameworksBuildPhase section */

/* Begin PBXGroup section */
		A67A61F51D2CA4A800C101B2 = {
			isa = PBXGroup;
			children = (
				A67A62001D2CA4A800C101B2 /* TaoAutoLayout */,
				A67A62151D2CA4A900C101B2 /* TaoAutoLayoutTests */,
				A67A62201D2CA4A900C101B2 /* TaoAutoLayoutUITests */,
				A67A61FF1D2CA4A800C101B2 /* Products */,
			);
			sourceTree = "<group>";
		};
		A67A61FF1D2CA4A800C101B2 /* Products */ = {
			isa = PBXGroup;
			children = (
				A67A61FE1D2CA4A800C101B2 /* TaoAutoLayout.app */,
				A67A62121D2CA4A900C101B2 /* TaoAutoLayoutTests.xctest */,
				A67A621D1D2CA4A900C101B2 /* TaoAutoLayoutUITests.xctest */,
			);
			name = Products;
			sourceTree = "<group>";
		};
		A67A62001D2CA4A800C101B2 /* TaoAutoLayout */ = {
			isa = PBXGroup;
			children = (
				A67A62311D2CAB4500C101B2 /* Examples */,
				A67A62341D2CADDE00C101B2 /* Source */,
				A67A62011D2CA4A800C101B2 /* AppDelegate.swift */,
				A67A62081D2CA4A900C101B2 /* Assets.xcassets */,
				A67A620A1D2CA4A900C101B2 /* LaunchScreen.storyboard */,
				A67A620D1D2CA4A900C101B2 /* Info.plist */,
				A67A622F1D2CA64600C101B2 /* TaoListViewController.swift */,
				A67A62321D2CAC0A00C101B2 /* TaoExampleViewController.swift */,
				A67A62391D2CAF3000C101B2 /* UIButton+Extension.swift */,
			);
			path = TaoAutoLayout;
			sourceTree = "<group>";
		};
		A67A62151D2CA4A900C101B2 /* TaoAutoLayoutTests */ = {
			isa = PBXGroup;
			children = (
				A67A62161D2CA4A900C101B2 /* TaoAutoLayoutTests.swift */,
				A67A62181D2CA4A900C101B2 /* Info.plist */,
			);
			path = TaoAutoLayoutTests;
			sourceTree = "<group>";
		};
		A67A62201D2CA4A900C101B2 /* TaoAutoLayoutUITests */ = {
			isa = PBXGroup;
			children = (
				A67A62211D2CA4A900C101B2 /* TaoAutoLayoutUITests.swift */,
				A67A62231D2CA4A900C101B2 /* Info.plist */,
			);
			path = TaoAutoLayoutUITests;
			sourceTree = "<group>";
		};
		A67A62311D2CAB4500C101B2 /* Examples */ = {
			isa = PBXGroup;
			children = (
				A67A62371D2CAEBE00C101B2 /* TaoFillAlignmentExample.swift */,
				A67A623B1D2CC9AD00C101B2 /* TaoInnerAlignmentExample.swift */,
				A67A623D1D2CDCBD00C101B2 /* TaoVerticalAlignmentExample.swift */,
				A67A623F1D2CE4B500C101B2 /* TaoHorizontalAlignmentExample.swift */,
				A67A62411D2CEA6300C101B2 /* TaoHorizontalViews.swift */,
				A67A62431D2CF18A00C101B2 /* TaoVerticalViews.swift */,
				A67A62451D2CF8C300C101B2 /* TaoConstraintExmple.swift */,
			);
			path = Examples;
			sourceTree = "<group>";
		};
		A67A62341D2CADDE00C101B2 /* Source */ = {
			isa = PBXGroup;
			children = (
				A67A62351D2CADDE00C101B2 /* UIView+AutoLayout.swift */,
			);
			path = Source;
			sourceTree = "<group>";
		};
/* End PBXGroup section */

/* Begin PBXNativeTarget section */
		A67A61FD1D2CA4A800C101B2 /* TaoAutoLayout */ = {
			isa = PBXNativeTarget;
			buildConfigurationList = A67A62261D2CA4A900C101B2 /* Build configuration list for PBXNativeTarget "TaoAutoLayout" */;
			buildPhases = (
				A67A61FA1D2CA4A800C101B2 /* Sources */,
				A67A61FB1D2CA4A800C101B2 /* Frameworks */,
				A67A61FC1D2CA4A800C101B2 /* Resources */,
			);
			buildRules = (
			);
			dependencies = (
			);
			name = TaoAutoLayout;
			productName = TaoAutoLayout;
			productReference = A67A61FE1D2CA4A800C101B2 /* TaoAutoLayout.app */;
			productType = "com.apple.product-type.application";
		};
		A67A62111D2CA4A900C101B2 /* TaoAutoLayoutTests */ = {
			isa = PBXNativeTarget;
			buildConfigurationList = A67A62291D2CA4A900C101B2 /* Build configuration list for PBXNativeTarget "TaoAutoLayoutTests" */;
			buildPhases = (
				A67A620E1D2CA4A900C101B2 /* Sources */,
				A67A620F1D2CA4A900C101B2 /* Frameworks */,
				A67A62101D2CA4A900C101B2 /* Resources */,
			);
			buildRules = (
			);
			dependencies = (
				A67A62141D2CA4A900C101B2 /* PBXTargetDependency */,
			);
			name = TaoAutoLayoutTests;
			productName = TaoAutoLayoutTests;
			productReference = A67A62121D2CA4A900C101B2 /* TaoAutoLayoutTests.xctest */;
			productType = "com.apple.product-type.bundle.unit-test";
		};
		A67A621C1D2CA4A900C101B2 /* TaoAutoLayoutUITests */ = {
			isa = PBXNativeTarget;
			buildConfigurationList = A67A622C1D2CA4A900C101B2 /* Build configuration list for PBXNativeTarget "TaoAutoLayoutUITests" */;
			buildPhases = (
				A67A62191D2CA4A900C101B2 /* Sources */,
				A67A621A1D2CA4A900C101B2 /* Frameworks */,
				A67A621B1D2CA4A900C101B2 /* Resources */,
			);
			buildRules = (
			);
			dependencies = (
				A67A621F1D2CA4A900C101B2 /* PBXTargetDependency */,
			);
			name = TaoAutoLayoutUITests;
			productName = TaoAutoLayoutUITests;
			productReference = A67A621D1D2CA4A900C101B2 /* TaoAutoLayoutUITests.xctest */;
			productType = "com.apple.product-type.bundle.ui-testing";
		};
/* End PBXNativeTarget section */

/* Begin PBXProject section */
		A67A61F61D2CA4A800C101B2 /* Project object */ = {
			isa = PBXProject;
			attributes = {
				LastSwiftUpdateCheck = 0730;
				LastUpgradeCheck = 0730;
				ORGANIZATIONNAME = tao6;
				TargetAttributes = {
					A67A61FD1D2CA4A800C101B2 = {
						CreatedOnToolsVersion = 7.3.1;
					};
					A67A62111D2CA4A900C101B2 = {
						CreatedOnToolsVersion = 7.3.1;
						TestTargetID = A67A61FD1D2CA4A800C101B2;
					};
					A67A621C1D2CA4A900C101B2 = {
						CreatedOnToolsVersion = 7.3.1;
						TestTargetID = A67A61FD1D2CA4A800C101B2;
					};
				};
			};
			buildConfigurationList = A67A61F91D2CA4A800C101B2 /* Build configuration list for PBXProject "TaoAutoLayout" */;
			compatibilityVersion = "Xcode 3.2";
			developmentRegion = English;
			hasScannedForEncodings = 0;
			knownRegions = (
				en,
				Base,
			);
			mainGroup = A67A61F51D2CA4A800C101B2;
			productRefGroup = A67A61FF1D2CA4A800C101B2 /* Products */;
			projectDirPath = "";
			projectRoot = "";
			targets = (
				A67A61FD1D2CA4A800C101B2 /* TaoAutoLayout */,
				A67A62111D2CA4A900C101B2 /* TaoAutoLayoutTests */,
				A67A621C1D2CA4A900C101B2 /* TaoAutoLayoutUITests */,
			);
		};
/* End PBXProject section */

/* Begin PBXResourcesBuildPhase section */
		A67A61FC1D2CA4A800C101B2 /* Resources */ = {
			isa = PBXResourcesBuildPhase;
			buildActionMask = 2147483647;
			files = (
				A67A620C1D2CA4A900C101B2 /* LaunchScreen.storyboard in Resources */,
				A67A62091D2CA4A900C101B2 /* Assets.xcassets in Resources */,
			);
			runOnlyForDeploymentPostprocessing = 0;
		};
		A67A62101D2CA4A900C101B2 /* Resources */ = {
			isa = PBXResourcesBuildPhase;
			buildActionMask = 2147483647;
			files = (
			);
			runOnlyForDeploymentPostprocessing = 0;
		};
		A67A621B1D2CA4A900C101B2 /* Resources */ = {
			isa = PBXResourcesBuildPhase;
			buildActionMask = 2147483647;
			files = (
			);
			runOnlyForDeploymentPostprocessing = 0;
		};
/* End PBXResourcesBuildPhase section */

/* Begin PBXSourcesBuildPhase section */
		A67A61FA1D2CA4A800C101B2 /* Sources */ = {
			isa = PBXSourcesBuildPhase;
			buildActionMask = 2147483647;
			files = (
				A67A62461D2CF8C300C101B2 /* TaoConstraintExmple.swift in Sources */,
				A67A62331D2CAC0A00C101B2 /* TaoExampleViewController.swift in Sources */,
				A67A62381D2CAEBE00C101B2 /* TaoFillAlignmentExample.swift in Sources */,
				A67A62361D2CADDE00C101B2 /* UIView+AutoLayout.swift in Sources */,
				A67A623C1D2CC9AD00C101B2 /* TaoInnerAlignmentExample.swift in Sources */,
				A67A62021D2CA4A800C101B2 /* AppDelegate.swift in Sources */,
				A67A62421D2CEA6300C101B2 /* TaoHorizontalViews.swift in Sources */,
				A67A62301D2CA64600C101B2 /* TaoListViewController.swift in Sources */,
				A67A62401D2CE4B500C101B2 /* TaoHorizontalAlignmentExample.swift in Sources */,
				A67A62441D2CF18A00C101B2 /* TaoVerticalViews.swift in Sources */,
				A67A623A1D2CAF3000C101B2 /* UIButton+Extension.swift in Sources */,
				A67A623E1D2CDCBD00C101B2 /* TaoVerticalAlignmentExample.swift in Sources */,
			);
			runOnlyForDeploymentPostprocessing = 0;
		};
		A67A620E1D2CA4A900C101B2 /* Sources */ = {
			isa = PBXSourcesBuildPhase;
			buildActionMask = 2147483647;
			files = (
				A67A62171D2CA4A900C101B2 /* TaoAutoLayoutTests.swift in Sources */,
			);
			runOnlyForDeploymentPostprocessing = 0;
		};
		A67A62191D2CA4A900C101B2 /* Sources */ = {
			isa = PBXSourcesBuildPhase;
			buildActionMask = 2147483647;
			files = (
				A67A62221D2CA4A900C101B2 /* TaoAutoLayoutUITests.swift in Sources */,
			);
			runOnlyForDeploymentPostprocessing = 0;
		};
/* End PBXSourcesBuildPhase section */

/* Begin PBXTargetDependency section */
		A67A62141D2CA4A900C101B2 /* PBXTargetDependency */ = {
			isa = PBXTargetDependency;
			target = A67A61FD1D2CA4A800C101B2 /* TaoAutoLayout */;
			targetProxy = A67A62131D2CA4A900C101B2 /* PBXContainerItemProxy */;
		};
		A67A621F1D2CA4A900C101B2 /* PBXTargetDependency */ = {
			isa = PBXTargetDependency;
			target = A67A61FD1D2CA4A800C101B2 /* TaoAutoLayout */;
			targetProxy = A67A621E1D2CA4A900C101B2 /* PBXContainerItemProxy */;
		};
/* End PBXTargetDependency section */

/* Begin PBXVariantGroup section */
		A67A620A1D2CA4A900C101B2 /* LaunchScreen.storyboard */ = {
			isa = PBXVariantGroup;
			children = (
				A67A620B1D2CA4A900C101B2 /* Base */,
			);
			name = LaunchScreen.storyboard;
			sourceTree = "<group>";
		};
/* End PBXVariantGroup section */

/* Begin XCBuildConfiguration section */
		A67A62241D2CA4A900C101B2 /* Debug */ = {
			isa = XCBuildConfiguration;
			buildSettings = {
				ALWAYS_SEARCH_USER_PATHS = NO;
				CLANG_ANALYZER_NONNULL = YES;
				CLANG_CXX_LANGUAGE_STANDARD = "gnu++0x";
				CLANG_CXX_LIBRARY = "libc++";
				CLANG_ENABLE_MODULES = YES;
				CLANG_ENABLE_OBJC_ARC = YES;
				CLANG_WARN_BOOL_CONVERSION = YES;
				CLANG_WARN_CONSTANT_CONVERSION = YES;
				CLANG_WARN_DIRECT_OBJC_ISA_USAGE = YES_ERROR;
				CLANG_WARN_EMPTY_BODY = YES;
				CLANG_WARN_ENUM_CONVERSION = YES;
				CLANG_WARN_INT_CONVERSION = YES;
				CLANG_WARN_OBJC_ROOT_CLASS = YES_ERROR;
				CLANG_WARN_UNREACHABLE_CODE = YES;
				CLANG_WARN__DUPLICATE_METHOD_MATCH = YES;
				"CODE_SIGN_IDENTITY[sdk=iphoneos*]" = "iPhone Developer";
				COPY_PHASE_STRIP = NO;
				DEBUG_INFORMATION_FORMAT = dwarf;
				ENABLE_STRICT_OBJC_MSGSEND = YES;
				ENABLE_TESTABILITY = YES;
				GCC_C_LANGUAGE_STANDARD = gnu99;
				GCC_DYNAMIC_NO_PIC = NO;
				GCC_NO_COMMON_BLOCKS = YES;
				GCC_OPTIMIZATION_LEVEL = 0;
				GCC_PREPROCESSOR_DEFINITIONS = (
					"DEBUG=1",
					"$(inherited)",
				);
				GCC_WARN_64_TO_32_BIT_CONVERSION = YES;
				GCC_WARN_ABOUT_RETURN_TYPE = YES_ERROR;
				GCC_WARN_UNDECLARED_SELECTOR = YES;
				GCC_WARN_UNINITIALIZED_AUTOS = YES_AGGRESSIVE;
				GCC_WARN_UNUSED_FUNCTION = YES;
				GCC_WARN_UNUSED_VARIABLE = YES;
				IPHONEOS_DEPLOYMENT_TARGET = 9.3;
				MTL_ENABLE_DEBUG_INFO = YES;
				ONLY_ACTIVE_ARCH = YES;
				SDKROOT = iphoneos;
				SWIFT_OPTIMIZATION_LEVEL = "-Onone";
			};
			name = Debug;
		};
		A67A62251D2CA4A900C101B2 /* Release */ = {
			isa = XCBuildConfiguration;
			buildSettings = {
				ALWAYS_SEARCH_USER_PATHS = NO;
				CLANG_ANALYZER_NONNULL = YES;
				CLANG_CXX_LANGUAGE_STANDARD = "gnu++0x";
				CLANG_CXX_LIBRARY = "libc++";
				CLANG_ENABLE_MODULES = YES;
				CLANG_ENABLE_OBJC_ARC = YES;
				CLANG_WARN_BOOL_CONVERSION = YES;
				CLANG_WARN_CONSTANT_CONVERSION = YES;
				CLANG_WARN_DIRECT_OBJC_ISA_USAGE = YES_ERROR;
				CLANG_WARN_EMPTY_BODY = YES;
				CLANG_WARN_ENUM_CONVERSION = YES;
				CLANG_WARN_INT_CONVERSION = YES;
				CLANG_WARN_OBJC_ROOT_CLASS = YES_ERROR;
				CLANG_WARN_UNREACHABLE_CODE = YES;
				CLANG_WARN__DUPLICATE_METHOD_MATCH = YES;
				"CODE_SIGN_IDENTITY[sdk=iphoneos*]" = "iPhone Developer";
				COPY_PHASE_STRIP = NO;
				DEBUG_INFORMATION_FORMAT = "dwarf-with-dsym";
				ENABLE_NS_ASSERTIONS = NO;
				ENABLE_STRICT_OBJC_MSGSEND = YES;
				GCC_C_LANGUAGE_STANDARD = gnu99;
				GCC_NO_COMMON_BLOCKS = YES;
				GCC_WARN_64_TO_32_BIT_CONVERSION = YES;
				GCC_WARN_ABOUT_RETURN_TYPE = YES_ERROR;
				GCC_WARN_UNDECLARED_SELECTOR = YES;
				GCC_WARN_UNINITIALIZED_AUTOS = YES_AGGRESSIVE;
				GCC_WARN_UNUSED_FUNCTION = YES;
				GCC_WARN_UNUSED_VARIABLE = YES;
				IPHONEOS_DEPLOYMENT_TARGET = 9.3;
				MTL_ENABLE_DEBUG_INFO = NO;
				SDKROOT = iphoneos;
				VALIDATE_PRODUCT = YES;
			};
			name = Release;
		};
		A67A62271D2CA4A900C101B2 /* Debug */ = {
			isa = XCBuildConfiguration;
			buildSettings = {
				ASSETCATALOG_COMPILER_APPICON_NAME = AppIcon;
				INFOPLIST_FILE = TaoAutoLayout/Info.plist;
				IPHONEOS_DEPLOYMENT_TARGET = 8.0;
				LD_RUNPATH_SEARCH_PATHS = "$(inherited) @executable_path/Frameworks";
				PRODUCT_BUNDLE_IDENTIFIER = com.51zsyl.TaoAutoLayout;
				PRODUCT_NAME = "$(TARGET_NAME)";
			};
			name = Debug;
		};
		A67A62281D2CA4A900C101B2 /* Release */ = {
			isa = XCBuildConfiguration;
			buildSettings = {
				ASSETCATALOG_COMPILER_APPICON_NAME = AppIcon;
				INFOPLIST_FILE = TaoAutoLayout/Info.plist;
				IPHONEOS_DEPLOYMENT_TARGET = 8.0;
				LD_RUNPATH_SEARCH_PATHS = "$(inherited) @executable_path/Frameworks";
				PRODUCT_BUNDLE_IDENTIFIER = com.51zsyl.TaoAutoLayout;
				PRODUCT_NAME = "$(TARGET_NAME)";
			};
			name = Release;
		};
		A67A622A1D2CA4A900C101B2 /* Debug */ = {
			isa = XCBuildConfiguration;
			buildSettings = {
				BUNDLE_LOADER = "$(TEST_HOST)";
				INFOPLIST_FILE = TaoAutoLayoutTests/Info.plist;
				LD_RUNPATH_SEARCH_PATHS = "$(inherited) @executable_path/Frameworks @loader_path/Frameworks";
				PRODUCT_BUNDLE_IDENTIFIER = com.51zsyl.TaoAutoLayoutTests;
				PRODUCT_NAME = "$(TARGET_NAME)";
				TEST_HOST = "$(BUILT_PRODUCTS_DIR)/TaoAutoLayout.app/TaoAutoLayout";
			};
			name = Debug;
		};
		A67A622B1D2CA4A900C101B2 /* Release */ = {
			isa = XCBuildConfiguration;
			buildSettings = {
				BUNDLE_LOADER = "$(TEST_HOST)";
				INFOPLIST_FILE = TaoAutoLayoutTests/Info.plist;
				LD_RUNPATH_SEARCH_PATHS = "$(inherited) @executable_path/Frameworks @loader_path/Frameworks";
				PRODUCT_BUNDLE_IDENTIFIER = com.51zsyl.TaoAutoLayoutTests;
				PRODUCT_NAME = "$(TARGET_NAME)";
				TEST_HOST = "$(BUILT_PRODUCTS_DIR)/TaoAutoLayout.app/TaoAutoLayout";
			};
			name = Release;
		};
		A67A622D1D2CA4A900C101B2 /* Debug */ = {
			isa = XCBuildConfiguration;
			buildSettings = {
				INFOPLIST_FILE = TaoAutoLayoutUITests/Info.plist;
				LD_RUNPATH_SEARCH_PATHS = "$(inherited) @executable_path/Frameworks @loader_path/Frameworks";
				PRODUCT_BUNDLE_IDENTIFIER = com.51zsyl.TaoAutoLayoutUITests;
				PRODUCT_NAME = "$(TARGET_NAME)";
				TEST_TARGET_NAME = TaoAutoLayout;
			};
			name = Debug;
		};
		A67A622E1D2CA4A900C101B2 /* Release */ = {
			isa = XCBuildConfiguration;
			buildSettings = {
				INFOPLIST_FILE = TaoAutoLayoutUITests/Info.plist;
				LD_RUNPATH_SEARCH_PATHS = "$(inherited) @executable_path/Frameworks @loader_path/Frameworks";
				PRODUCT_BUNDLE_IDENTIFIER = com.51zsyl.TaoAutoLayoutUITests;
				PRODUCT_NAME = "$(TARGET_NAME)";
				TEST_TARGET_NAME = TaoAutoLayout;
			};
			name = Release;
		};
/* End XCBuildConfiguration section */

/* Begin XCConfigurationList section */
		A67A61F91D2CA4A800C101B2 /* Build configuration list for PBXProject "TaoAutoLayout" */ = {
			isa = XCConfigurationList;
			buildConfigurations = (
				A67A62241D2CA4A900C101B2 /* Debug */,
				A67A62251D2CA4A900C101B2 /* Release */,
			);
			defaultConfigurationIsVisible = 0;
			defaultConfigurationName = Release;
		};
		A67A62261D2CA4A900C101B2 /* Build configuration list for PBXNativeTarget "TaoAutoLayout" */ = {
			isa = XCConfigurationList;
			buildConfigurations = (
				A67A62271D2CA4A900C101B2 /* Debug */,
				A67A62281D2CA4A900C101B2 /* Release */,
			);
			defaultConfigurationIsVisible = 0;
		};
		A67A62291D2CA4A900C101B2 /* Build configuration list for PBXNativeTarget "TaoAutoLayoutTests" */ = {
			isa = XCConfigurationList;
			buildConfigurations = (
				A67A622A1D2CA4A900C101B2 /* Debug */,
				A67A622B1D2CA4A900C101B2 /* Release */,
			);
			defaultConfigurationIsVisible = 0;
		};
		A67A622C1D2CA4A900C101B2 /* Build configuration list for PBXNativeTarget "TaoAutoLayoutUITests" */ = {
			isa = XCConfigurationList;
			buildConfigurations = (
				A67A622D1D2CA4A900C101B2 /* Debug */,
				A67A622E1D2CA4A900C101B2 /* Release */,
			);
			defaultConfigurationIsVisible = 0;
		};
/* End XCConfigurationList section */
	};
	rootObject = A67A61F61D2CA4A800C101B2 /* Project object */;
}
